// !$*UTF8*$!
{
	archiveVersion = 1;
	classes = {
	};
	objectVersion = 56;
	objects = {

/* Begin PBXBuildFile section */
		9E5463072C27073B00602285 /* OldToolBarItemType.swift in Sources */ = {isa = PBXBuildFile; fileRef = 9E5463062C27073B00602285 /* OldToolBarItemType.swift */; };
		9E54630D2C27AFA200602285 /* OldToolBarView.swift in Sources */ = {isa = PBXBuildFile; fileRef = 9E54630C2C27AFA200602285 /* OldToolBarView.swift */; };
		9E5463102C27B11C00602285 /* OldToolBarViewDelegate.swift in Sources */ = {isa = PBXBuildFile; fileRef = 9E54630F2C27B11C00602285 /* OldToolBarViewDelegate.swift */; };
		9E7401B52C27B2A60036059D /* OldToolBarItem.swift in Sources */ = {isa = PBXBuildFile; fileRef = 9E7401B42C27B2A60036059D /* OldToolBarItem.swift */; };
		9E7401B72C27BB4A0036059D /* OldToolBarModeSwitcher.swift in Sources */ = {isa = PBXBuildFile; fileRef = 9E7401B62C27BB4A0036059D /* OldToolBarModeSwitcher.swift */; };
		9E7401B92C27BC5B0036059D /* OldToolBarMode.swift in Sources */ = {isa = PBXBuildFile; fileRef = 9E7401B82C27BC5B0036059D /* OldToolBarMode.swift */; };
		9E7401BC2C27BD1D0036059D /* UIViewExt.swift in Sources */ = {isa = PBXBuildFile; fileRef = 9E7401BB2C27BD1D0036059D /* UIViewExt.swift */; };
		9E7401BE2C2818770036059D /* OldToolBarItemStack.swift in Sources */ = {isa = PBXBuildFile; fileRef = 9E7401BD2C2818770036059D /* OldToolBarItemStack.swift */; };
		9E7401C02C2860890036059D /* OldToolBarItemStackDelegate.swift in Sources */ = {isa = PBXBuildFile; fileRef = 9E7401BF2C2860890036059D /* OldToolBarItemStackDelegate.swift */; };
		9E7401C22C2CD7180036059D /* OldToolBarViewDataSource.swift in Sources */ = {isa = PBXBuildFile; fileRef = 9E7401C12C2CD7180036059D /* OldToolBarViewDataSource.swift */; };
		9E78F1542C1D9991000EDE4A /* AppDelegate.swift in Sources */ = {isa = PBXBuildFile; fileRef = 9E78F1532C1D9991000EDE4A /* AppDelegate.swift */; };
		9E78F1562C1D9991000EDE4A /* SceneDelegate.swift in Sources */ = {isa = PBXBuildFile; fileRef = 9E78F1552C1D9991000EDE4A /* SceneDelegate.swift */; };
		9E78F1582C1D9991000EDE4A /* ViewController.swift in Sources */ = {isa = PBXBuildFile; fileRef = 9E78F1572C1D9991000EDE4A /* ViewController.swift */; };
		9E78F15B2C1D9991000EDE4A /* Main.storyboard in Resources */ = {isa = PBXBuildFile; fileRef = 9E78F1592C1D9991000EDE4A /* Main.storyboard */; };
		9E78F15D2C1D9993000EDE4A /* Assets.xcassets in Resources */ = {isa = PBXBuildFile; fileRef = 9E78F15C2C1D9993000EDE4A /* Assets.xcassets */; };
		9E78F1602C1D9993000EDE4A /* LaunchScreen.storyboard in Resources */ = {isa = PBXBuildFile; fileRef = 9E78F15E2C1D9993000EDE4A /* LaunchScreen.storyboard */; };
		9EE2084B2C549AA60034A989 /* ToolbarModel.swift in Sources */ = {isa = PBXBuildFile; fileRef = 9EE2084A2C549AA60034A989 /* ToolbarModel.swift */; };
		9EE2084D2C54A9D40034A989 /* ToolbarViewController.swift in Sources */ = {isa = PBXBuildFile; fileRef = 9EE2084C2C54A9D40034A989 /* ToolbarViewController.swift */; };
/* End PBXBuildFile section */

/* Begin PBXFileReference section */
		9E5463062C27073B00602285 /* OldToolBarItemType.swift */ = {isa = PBXFileReference; lastKnownFileType = sourcecode.swift; path = OldToolBarItemType.swift; sourceTree = "<group>"; };
		9E54630C2C27AFA200602285 /* OldToolBarView.swift */ = {isa = PBXFileReference; lastKnownFileType = sourcecode.swift; path = OldToolBarView.swift; sourceTree = "<group>"; };
		9E54630F2C27B11C00602285 /* OldToolBarViewDelegate.swift */ = {isa = PBXFileReference; lastKnownFileType = sourcecode.swift; path = OldToolBarViewDelegate.swift; sourceTree = "<group>"; };
		9E7401B42C27B2A60036059D /* OldToolBarItem.swift */ = {isa = PBXFileReference; lastKnownFileType = sourcecode.swift; path = OldToolBarItem.swift; sourceTree = "<group>"; };
		9E7401B62C27BB4A0036059D /* OldToolBarModeSwitcher.swift */ = {isa = PBXFileReference; lastKnownFileType = sourcecode.swift; path = OldToolBarModeSwitcher.swift; sourceTree = "<group>"; };
		9E7401B82C27BC5B0036059D /* OldToolBarMode.swift */ = {isa = PBXFileReference; lastKnownFileType = sourcecode.swift; path = OldToolBarMode.swift; sourceTree = "<group>"; };
		9E7401BB2C27BD1D0036059D /* UIViewExt.swift */ = {isa = PBXFileReference; lastKnownFileType = sourcecode.swift; path = UIViewExt.swift; sourceTree = "<group>"; };
		9E7401BD2C2818770036059D /* OldToolBarItemStack.swift */ = {isa = PBXFileReference; lastKnownFileType = sourcecode.swift; path = OldToolBarItemStack.swift; sourceTree = "<group>"; };
		9E7401BF2C2860890036059D /* OldToolBarItemStackDelegate.swift */ = {isa = PBXFileReference; lastKnownFileType = sourcecode.swift; path = OldToolBarItemStackDelegate.swift; sourceTree = "<group>"; };
		9E7401C12C2CD7180036059D /* OldToolBarViewDataSource.swift */ = {isa = PBXFileReference; lastKnownFileType = sourcecode.swift; path = OldToolBarViewDataSource.swift; sourceTree = "<group>"; };
		9E78F1502C1D9991000EDE4A /* loc-tan.app */ = {isa = PBXFileReference; explicitFileType = wrapper.application; includeInIndex = 0; path = "loc-tan.app"; sourceTree = BUILT_PRODUCTS_DIR; };
		9E78F1532C1D9991000EDE4A /* AppDelegate.swift */ = {isa = PBXFileReference; lastKnownFileType = sourcecode.swift; path = AppDelegate.swift; sourceTree = "<group>"; };
		9E78F1552C1D9991000EDE4A /* SceneDelegate.swift */ = {isa = PBXFileReference; lastKnownFileType = sourcecode.swift; path = SceneDelegate.swift; sourceTree = "<group>"; };
		9E78F1572C1D9991000EDE4A /* ViewController.swift */ = {isa = PBXFileReference; lastKnownFileType = sourcecode.swift; path = ViewController.swift; sourceTree = "<group>"; };
		9E78F15A2C1D9991000EDE4A /* Base */ = {isa = PBXFileReference; lastKnownFileType = file.storyboard; name = Base; path = Base.lproj/Main.storyboard; sourceTree = "<group>"; };
		9E78F15C2C1D9993000EDE4A /* Assets.xcassets */ = {isa = PBXFileReference; lastKnownFileType = folder.assetcatalog; path = Assets.xcassets; sourceTree = "<group>"; };
		9E78F15F2C1D9993000EDE4A /* Base */ = {isa = PBXFileReference; lastKnownFileType = file.storyboard; name = Base; path = Base.lproj/LaunchScreen.storyboard; sourceTree = "<group>"; };
		9E78F1612C1D9993000EDE4A /* Info.plist */ = {isa = PBXFileReference; lastKnownFileType = text.plist.xml; path = Info.plist; sourceTree = "<group>"; };
		9EE2084A2C549AA60034A989 /* ToolbarModel.swift */ = {isa = PBXFileReference; lastKnownFileType = sourcecode.swift; path = ToolbarModel.swift; sourceTree = "<group>"; };
		9EE2084C2C54A9D40034A989 /* ToolbarViewController.swift */ = {isa = PBXFileReference; lastKnownFileType = sourcecode.swift; path = ToolbarViewController.swift; sourceTree = "<group>"; };
/* End PBXFileReference section */

/* Begin PBXFrameworksBuildPhase section */
		9E78F14D2C1D9991000EDE4A /* Frameworks */ = {
			isa = PBXFrameworksBuildPhase;
			buildActionMask = 2147483647;
			files = (
			);
			runOnlyForDeploymentPostprocessing = 0;
		};
/* End PBXFrameworksBuildPhase section */

/* Begin PBXGroup section */
		9E54630E2C27B10D00602285 /* OldToolBar */ = {
			isa = PBXGroup;
			children = (
				9E54630C2C27AFA200602285 /* OldToolBarView.swift */,
				9E54630F2C27B11C00602285 /* OldToolBarViewDelegate.swift */,
				9E7401C12C2CD7180036059D /* OldToolBarViewDataSource.swift */,
				9E7401BD2C2818770036059D /* OldToolBarItemStack.swift */,
				9E7401BF2C2860890036059D /* OldToolBarItemStackDelegate.swift */,
				9E7401B42C27B2A60036059D /* OldToolBarItem.swift */,
				9E7401B62C27BB4A0036059D /* OldToolBarModeSwitcher.swift */,
				9E7401B82C27BC5B0036059D /* OldToolBarMode.swift */,
				9E5463062C27073B00602285 /* OldToolBarItemType.swift */,
			);
			path = OldToolBar;
			sourceTree = "<group>";
		};
		9E7401BA2C27BD0F0036059D /* Extensions */ = {
			isa = PBXGroup;
			children = (
				9E7401BB2C27BD1D0036059D /* UIViewExt.swift */,
			);
			path = Extensions;
			sourceTree = "<group>";
		};
		9E78F1472C1D9991000EDE4A = {
			isa = PBXGroup;
			children = (
				9E78F1522C1D9991000EDE4A /* loc-tan */,
				9E78F1512C1D9991000EDE4A /* Products */,
			);
			sourceTree = "<group>";
		};
		9E78F1512C1D9991000EDE4A /* Products */ = {
			isa = PBXGroup;
			children = (
				9E78F1502C1D9991000EDE4A /* loc-tan.app */,
			);
			name = Products;
			sourceTree = "<group>";
		};
		9E78F1522C1D9991000EDE4A /* loc-tan */ = {
			isa = PBXGroup;
			children = (
				9E78F1532C1D9991000EDE4A /* AppDelegate.swift */,
				9E78F1552C1D9991000EDE4A /* SceneDelegate.swift */,
				9E78F1572C1D9991000EDE4A /* ViewController.swift */,
				9EE2084C2C54A9D40034A989 /* ToolbarViewController.swift */,
				9EE2084A2C549AA60034A989 /* ToolbarModel.swift */,
				9E78F1592C1D9991000EDE4A /* Main.storyboard */,
				9E54630E2C27B10D00602285 /* OldToolBar */,
				9E7401BA2C27BD0F0036059D /* Extensions */,
				9E78F15C2C1D9993000EDE4A /* Assets.xcassets */,
				9E78F15E2C1D9993000EDE4A /* LaunchScreen.storyboard */,
				9E78F1612C1D9993000EDE4A /* Info.plist */,
			);
			path = "loc-tan";
			sourceTree = "<group>";
		};
/* End PBXGroup section */

/* Begin PBXNativeTarget section */
		9E78F14F2C1D9991000EDE4A /* loc-tan */ = {
			isa = PBXNativeTarget;
			buildConfigurationList = 9E78F1642C1D9993000EDE4A /* Build configuration list for PBXNativeTarget "loc-tan" */;
			buildPhases = (
				9E78F14C2C1D9991000EDE4A /* Sources */,
				9E78F14D2C1D9991000EDE4A /* Frameworks */,
				9E78F14E2C1D9991000EDE4A /* Resources */,
			);
			buildRules = (
			);
			dependencies = (
			);
			name = "loc-tan";
			productName = "loc-tan";
			productReference = 9E78F1502C1D9991000EDE4A /* loc-tan.app */;
			productType = "com.apple.product-type.application";
		};
/* End PBXNativeTarget section */

/* Begin PBXProject section */
		9E78F1482C1D9991000EDE4A /* Project object */ = {
			isa = PBXProject;
			attributes = {
				BuildIndependentTargetsInParallel = 1;
				LastSwiftUpdateCheck = 1520;
				LastUpgradeCheck = 1520;
				TargetAttributes = {
					9E78F14F2C1D9991000EDE4A = {
						CreatedOnToolsVersion = 15.2;
					};
				};
			};
			buildConfigurationList = 9E78F14B2C1D9991000EDE4A /* Build configuration list for PBXProject "loc-tan" */;
			compatibilityVersion = "Xcode 14.0";
			developmentRegion = en;
			hasScannedForEncodings = 0;
			knownRegions = (
				en,
				Base,
			);
			mainGroup = 9E78F1472C1D9991000EDE4A;
			productRefGroup = 9E78F1512C1D9991000EDE4A /* Products */;
			projectDirPath = "";
			projectRoot = "";
			targets = (
				9E78F14F2C1D9991000EDE4A /* loc-tan */,
			);
		};
/* End PBXProject section */

/* Begin PBXResourcesBuildPhase section */
		9E78F14E2C1D9991000EDE4A /* Resources */ = {
			isa = PBXResourcesBuildPhase;
			buildActionMask = 2147483647;
			files = (
				9E78F1602C1D9993000EDE4A /* LaunchScreen.storyboard in Resources */,
				9E78F15D2C1D9993000EDE4A /* Assets.xcassets in Resources */,
				9E78F15B2C1D9991000EDE4A /* Main.storyboard in Resources */,
			);
			runOnlyForDeploymentPostprocessing = 0;
		};
/* End PBXResourcesBuildPhase section */

/* Begin PBXSourcesBuildPhase section */
		9E78F14C2C1D9991000EDE4A /* Sources */ = {
			isa = PBXSourcesBuildPhase;
			buildActionMask = 2147483647;
			files = (
				9E7401BE2C2818770036059D /* OldToolBarItemStack.swift in Sources */,
				9E7401B92C27BC5B0036059D /* OldToolBarMode.swift in Sources */,
				9E54630D2C27AFA200602285 /* OldToolBarView.swift in Sources */,
				9EE2084D2C54A9D40034A989 /* ToolbarViewController.swift in Sources */,
				9E7401BC2C27BD1D0036059D /* UIViewExt.swift in Sources */,
				9E7401C02C2860890036059D /* OldToolBarItemStackDelegate.swift in Sources */,
				9E78F1582C1D9991000EDE4A /* ViewController.swift in Sources */,
				9E78F1542C1D9991000EDE4A /* AppDelegate.swift in Sources */,
				9E7401C22C2CD7180036059D /* OldToolBarViewDataSource.swift in Sources */,
				9E7401B52C27B2A60036059D /* OldToolBarItem.swift in Sources */,
				9E78F1562C1D9991000EDE4A /* SceneDelegate.swift in Sources */,
				9E7401B72C27BB4A0036059D /* OldToolBarModeSwitcher.swift in Sources */,
				9E5463072C27073B00602285 /* OldToolBarItemType.swift in Sources */,
				9E5463102C27B11C00602285 /* OldToolBarViewDelegate.swift in Sources */,
				9EE2084B2C549AA60034A989 /* ToolbarModel.swift in Sources */,
			);
			runOnlyForDeploymentPostprocessing = 0;
		};
/* End PBXSourcesBuildPhase section */

/* Begin PBXVariantGroup section */
		9E78F1592C1D9991000EDE4A /* Main.storyboard */ = {
			isa = PBXVariantGroup;
			children = (
				9E78F15A2C1D9991000EDE4A /* Base */,
			);
			name = Main.storyboard;
			sourceTree = "<group>";
		};
		9E78F15E2C1D9993000EDE4A /* LaunchScreen.storyboard */ = {
			isa = PBXVariantGroup;
			children = (
				9E78F15F2C1D9993000EDE4A /* Base */,
			);
			name = LaunchScreen.storyboard;
			sourceTree = "<group>";
		};
/* End PBXVariantGroup section */

/* Begin XCBuildConfiguration section */
		9E78F1622C1D9993000EDE4A /* Debug */ = {
			isa = XCBuildConfiguration;
			buildSettings = {
				ALWAYS_SEARCH_USER_PATHS = NO;
				ASSETCATALOG_COMPILER_GENERATE_SWIFT_ASSET_SYMBOL_EXTENSIONS = YES;
				CLANG_ANALYZER_NONNULL = YES;
				CLANG_ANALYZER_NUMBER_OBJECT_CONVERSION = YES_AGGRESSIVE;
				CLANG_CXX_LANGUAGE_STANDARD = "gnu++20";
				CLANG_ENABLE_MODULES = YES;
				CLANG_ENABLE_OBJC_ARC = YES;
				CLANG_ENABLE_OBJC_WEAK = YES;
				CLANG_WARN_BLOCK_CAPTURE_AUTORELEASING = YES;
				CLANG_WARN_BOOL_CONVERSION = YES;
				CLANG_WARN_COMMA = YES;
				CLANG_WARN_CONSTANT_CONVERSION = YES;
				CLANG_WARN_DEPRECATED_OBJC_IMPLEMENTATIONS = YES;
				CLANG_WARN_DIRECT_OBJC_ISA_USAGE = YES_ERROR;
				CLANG_WARN_DOCUMENTATION_COMMENTS = YES;
				CLANG_WARN_EMPTY_BODY = YES;
				CLANG_WARN_ENUM_CONVERSION = YES;
				CLANG_WARN_INFINITE_RECURSION = YES;
				CLANG_WARN_INT_CONVERSION = YES;
				CLANG_WARN_NON_LITERAL_NULL_CONVERSION = YES;
				CLANG_WARN_OBJC_IMPLICIT_RETAIN_SELF = YES;
				CLANG_WARN_OBJC_LITERAL_CONVERSION = YES;
				CLANG_WARN_OBJC_ROOT_CLASS = YES_ERROR;
				CLANG_WARN_QUOTED_INCLUDE_IN_FRAMEWORK_HEADER = YES;
				CLANG_WARN_RANGE_LOOP_ANALYSIS = YES;
				CLANG_WARN_STRICT_PROTOTYPES = YES;
				CLANG_WARN_SUSPICIOUS_MOVE = YES;
				CLANG_WARN_UNGUARDED_AVAILABILITY = YES_AGGRESSIVE;
				CLANG_WARN_UNREACHABLE_CODE = YES;
				CLANG_WARN__DUPLICATE_METHOD_MATCH = YES;
				COPY_PHASE_STRIP = NO;
				DEBUG_INFORMATION_FORMAT = dwarf;
				ENABLE_STRICT_OBJC_MSGSEND = YES;
				ENABLE_TESTABILITY = YES;
				ENABLE_USER_SCRIPT_SANDBOXING = YES;
				GCC_C_LANGUAGE_STANDARD = gnu17;
				GCC_DYNAMIC_NO_PIC = NO;
				GCC_NO_COMMON_BLOCKS = YES;
				GCC_OPTIMIZATION_LEVEL = 0;
				GCC_PREPROCESSOR_DEFINITIONS = (
					"DEBUG=1",
					"$(inherited)",
				);
				GCC_WARN_64_TO_32_BIT_CONVERSION = YES;
				GCC_WARN_ABOUT_RETURN_TYPE = YES_ERROR;
				GCC_WARN_UNDECLARED_SELECTOR = YES;
				GCC_WARN_UNINITIALIZED_AUTOS = YES_AGGRESSIVE;
				GCC_WARN_UNUSED_FUNCTION = YES;
				GCC_WARN_UNUSED_VARIABLE = YES;
				IPHONEOS_DEPLOYMENT_TARGET = 17.2;
				LOCALIZATION_PREFERS_STRING_CATALOGS = YES;
				MTL_ENABLE_DEBUG_INFO = INCLUDE_SOURCE;
				MTL_FAST_MATH = YES;
				ONLY_ACTIVE_ARCH = YES;
				SDKROOT = iphoneos;
				SWIFT_ACTIVE_COMPILATION_CONDITIONS = "DEBUG $(inherited)";
				SWIFT_OPTIMIZATION_LEVEL = "-Onone";
			};
			name = Debug;
		};
		9E78F1632C1D9993000EDE4A /* Release */ = {
			isa = XCBuildConfiguration;
			buildSettings = {
				ALWAYS_SEARCH_USER_PATHS = NO;
				ASSETCATALOG_COMPILER_GENERATE_SWIFT_ASSET_SYMBOL_EXTENSIONS = YES;
				CLANG_ANALYZER_NONNULL = YES;
				CLANG_ANALYZER_NUMBER_OBJECT_CONVERSION = YES_AGGRESSIVE;
				CLANG_CXX_LANGUAGE_STANDARD = "gnu++20";
				CLANG_ENABLE_MODULES = YES;
				CLANG_ENABLE_OBJC_ARC = YES;
				CLANG_ENABLE_OBJC_WEAK = YES;
				CLANG_WARN_BLOCK_CAPTURE_AUTORELEASING = YES;
				CLANG_WARN_BOOL_CONVERSION = YES;
				CLANG_WARN_COMMA = YES;
				CLANG_WARN_CONSTANT_CONVERSION = YES;
				CLANG_WARN_DEPRECATED_OBJC_IMPLEMENTATIONS = YES;
				CLANG_WARN_DIRECT_OBJC_ISA_USAGE = YES_ERROR;
				CLANG_WARN_DOCUMENTATION_COMMENTS = YES;
				CLANG_WARN_EMPTY_BODY = YES;
				CLANG_WARN_ENUM_CONVERSION = YES;
				CLANG_WARN_INFINITE_RECURSION = YES;
				CLANG_WARN_INT_CONVERSION = YES;
				CLANG_WARN_NON_LITERAL_NULL_CONVERSION = YES;
				CLANG_WARN_OBJC_IMPLICIT_RETAIN_SELF = YES;
				CLANG_WARN_OBJC_LITERAL_CONVERSION = YES;
				CLANG_WARN_OBJC_ROOT_CLASS = YES_ERROR;
				CLANG_WARN_QUOTED_INCLUDE_IN_FRAMEWORK_HEADER = YES;
				CLANG_WARN_RANGE_LOOP_ANALYSIS = YES;
				CLANG_WARN_STRICT_PROTOTYPES = YES;
				CLANG_WARN_SUSPICIOUS_MOVE = YES;
				CLANG_WARN_UNGUARDED_AVAILABILITY = YES_AGGRESSIVE;
				CLANG_WARN_UNREACHABLE_CODE = YES;
				CLANG_WARN__DUPLICATE_METHOD_MATCH = YES;
				COPY_PHASE_STRIP = NO;
				DEBUG_INFORMATION_FORMAT = "dwarf-with-dsym";
				ENABLE_NS_ASSERTIONS = NO;
				ENABLE_STRICT_OBJC_MSGSEND = YES;
				ENABLE_USER_SCRIPT_SANDBOXING = YES;
				GCC_C_LANGUAGE_STANDARD = gnu17;
				GCC_NO_COMMON_BLOCKS = YES;
				GCC_WARN_64_TO_32_BIT_CONVERSION = YES;
				GCC_WARN_ABOUT_RETURN_TYPE = YES_ERROR;
				GCC_WARN_UNDECLARED_SELECTOR = YES;
				GCC_WARN_UNINITIALIZED_AUTOS = YES_AGGRESSIVE;
				GCC_WARN_UNUSED_FUNCTION = YES;
				GCC_WARN_UNUSED_VARIABLE = YES;
				IPHONEOS_DEPLOYMENT_TARGET = 17.2;
				LOCALIZATION_PREFERS_STRING_CATALOGS = YES;
				MTL_ENABLE_DEBUG_INFO = NO;
				MTL_FAST_MATH = YES;
				SDKROOT = iphoneos;
				SWIFT_COMPILATION_MODE = wholemodule;
				VALIDATE_PRODUCT = YES;
			};
			name = Release;
		};
		9E78F1652C1D9993000EDE4A /* Debug */ = {
			isa = XCBuildConfiguration;
			buildSettings = {
				ASSETCATALOG_COMPILER_APPICON_NAME = AppIcon;
				ASSETCATALOG_COMPILER_GLOBAL_ACCENT_COLOR_NAME = AccentColor;
				CODE_SIGN_STYLE = Automatic;
				CURRENT_PROJECT_VERSION = 1;
				DEVELOPMENT_TEAM = 9JTFXT4CWH;
				GENERATE_INFOPLIST_FILE = YES;
				INFOPLIST_FILE = "loc-tan/Info.plist";
				INFOPLIST_KEY_UIApplicationSupportsIndirectInputEvents = YES;
				INFOPLIST_KEY_UILaunchStoryboardName = LaunchScreen;
				INFOPLIST_KEY_UIMainStoryboardFile = Main;
				INFOPLIST_KEY_UISupportedInterfaceOrientations_iPad = "UIInterfaceOrientationPortrait UIInterfaceOrientationPortraitUpsideDown UIInterfaceOrientationLandscapeLeft UIInterfaceOrientationLandscapeRight";
				INFOPLIST_KEY_UISupportedInterfaceOrientations_iPhone = "UIInterfaceOrientationPortrait UIInterfaceOrientationLandscapeLeft UIInterfaceOrientationLandscapeRight";
				LD_RUNPATH_SEARCH_PATHS = (
					"$(inherited)",
					"@executable_path/Frameworks",
				);
				MARKETING_VERSION = 1.0;
				PRODUCT_BUNDLE_IDENTIFIER = "enchantcode.loc-tan";
				PRODUCT_NAME = "$(TARGET_NAME)";
				SWIFT_EMIT_LOC_STRINGS = YES;
				SWIFT_VERSION = 5.0;
				TARGETED_DEVICE_FAMILY = "1,2";
			};
			name = Debug;
		};
		9E78F1662C1D9993000EDE4A /* Release */ = {
			isa = XCBuildConfiguration;
			buildSettings = {
				ASSETCATALOG_COMPILER_APPICON_NAME = AppIcon;
				ASSETCATALOG_COMPILER_GLOBAL_ACCENT_COLOR_NAME = AccentColor;
				CODE_SIGN_STYLE = Automatic;
				CURRENT_PROJECT_VERSION = 1;
				DEVELOPMENT_TEAM = 9JTFXT4CWH;
				GENERATE_INFOPLIST_FILE = YES;
				INFOPLIST_FILE = "loc-tan/Info.plist";
				INFOPLIST_KEY_UIApplicationSupportsIndirectInputEvents = YES;
				INFOPLIST_KEY_UILaunchStoryboardName = LaunchScreen;
				INFOPLIST_KEY_UIMainStoryboardFile = Main;
				INFOPLIST_KEY_UISupportedInterfaceOrientations_iPad = "UIInterfaceOrientationPortrait UIInterfaceOrientationPortraitUpsideDown UIInterfaceOrientationLandscapeLeft UIInterfaceOrientationLandscapeRight";
				INFOPLIST_KEY_UISupportedInterfaceOrientations_iPhone = "UIInterfaceOrientationPortrait UIInterfaceOrientationLandscapeLeft UIInterfaceOrientationLandscapeRight";
				LD_RUNPATH_SEARCH_PATHS = (
					"$(inherited)",
					"@executable_path/Frameworks",
				);
				MARKETING_VERSION = 1.0;
				PRODUCT_BUNDLE_IDENTIFIER = "enchantcode.loc-tan";
				PRODUCT_NAME = "$(TARGET_NAME)";
				SWIFT_EMIT_LOC_STRINGS = YES;
				SWIFT_VERSION = 5.0;
				TARGETED_DEVICE_FAMILY = "1,2";
			};
			name = Release;
		};
/* End XCBuildConfiguration section */

/* Begin XCConfigurationList section */
		9E78F14B2C1D9991000EDE4A /* Build configuration list for PBXProject "loc-tan" */ = {
			isa = XCConfigurationList;
			buildConfigurations = (
				9E78F1622C1D9993000EDE4A /* Debug */,
				9E78F1632C1D9993000EDE4A /* Release */,
			);
			defaultConfigurationIsVisible = 0;
			defaultConfigurationName = Release;
		};
		9E78F1642C1D9993000EDE4A /* Build configuration list for PBXNativeTarget "loc-tan" */ = {
			isa = XCConfigurationList;
			buildConfigurations = (
				9E78F1652C1D9993000EDE4A /* Debug */,
				9E78F1662C1D9993000EDE4A /* Release */,
			);
			defaultConfigurationIsVisible = 0;
			defaultConfigurationName = Release;
		};
/* End XCConfigurationList section */
	};
	rootObject = 9E78F1482C1D9991000EDE4A /* Project object */;
}
